<?xml version="1.0" encoding="UTF-8" standalone="yes" ?>
<CodeBlocks_project_file>
	<FileVersion major="1" minor="6" />
	<Project>
		<Option title="TrabalhoPesquisaOperacional" />
		<Option pch_mode="2" />
		<Option compiler="gcc" />
		<Build>
			<Target title="Debug">
				<Option output="bin/Debug/TrabalhoPesquisaOperacional" prefix_auto="1" extension_auto="1" />
				<Option object_output="obj/Debug/" />
				<Option type="1" />
				<Option compiler="gcc" />
				<Compiler>
					<Add option="-g" />
				</Compiler>
			</Target>
			<Target title="Release">
				<Option output="bin/Release/TrabalhoPesquisaOperacional" prefix_auto="1" extension_auto="1" />
				<Option object_output="obj/Release/" />
				<Option type="1" />
				<Option compiler="gcc" />
				<Compiler>
					<Add option="-O2" />
				</Compiler>
				<Linker>
					<Add option="-s" />
				</Linker>
			</Target>
		</Build>
		<Compiler>
			<Add option="-Wall" />
		</Compiler>
		<Unit filename="analiseEconomica.c">
			<Option compilerVar="CC" />
		</Unit>
		<Unit filename="analiseEconomica.h" />
		<Unit filename="cantoNoroeste.c">
			<Option compilerVar="CC" />
		</Unit>
		<Unit filename="cantoNoroeste.h" />
		<Unit filename="divisaoCustos.c">
			<Option compilerVar="CC" />
		</Unit>
		<Unit filename="divisaoCustos.h" />
		<Unit filename="geraProblemaTransporte.c">
			<Option compilerVar="CC" />
		</Unit>
		<Unit filename="geraProblemaTransporte.h" />
		<Unit filename="hashmap.c">
			<Option compilerVar="CC" />
		</Unit>
		<Unit filename="hashmap.h" />
		<Unit filename="infoProblemaTransporte.h" />
		<Unit filename="infoProblemaTransporteHelper.c">
			<Option compilerVar="CC" />
		</Unit>
		<Unit filename="interfaceHelper.c">
			<Option compilerVar="CC" />
		</Unit>
		<Unit filename="interfaceHelper.h" />
		<Unit filename="leituraProblemaTransporte.c">
			<Option compilerVar="CC" />
		</Unit>
		<Unit filename="leituraProblemaTransporte.h" />
		<Unit filename="listaord.c">
			<Option compilerVar="CC" />
		</Unit>
		<Unit filename="listaord.h" />
		<Unit filename="main.c">
			<Option compilerVar="CC" />
		</Unit>
		<Unit filename="menorCusto.c">
			<Option compilerVar="CC" />
		</Unit>
		<Unit filename="menorCusto.h" />
		<Unit filename="otimizacao.c">
			<Option compilerVar="CC" />
		</Unit>
		<Unit filename="otimizacao.h" />
		<Unit filename="problemaTransporteHelper.c">
			<Option compilerVar="CC" />
		</Unit>
		<Unit filename="problemaTransporteHelper.h" />
		<Unit filename="problemaTransporteInterface.c">
			<Option compilerVar="CC" />
		</Unit>
		<Unit filename="problemaTransporteInterface.h" />
		<Unit filename="rotasOrdenadas.c">
			<Option compilerVar="CC" />
		</Unit>
		<Unit filename="rotasOrdenadas.h" />
		<Unit filename="roteamento.c">
			<Option compilerVar="CC" />
		</Unit>
		<Unit filename="roteamento.h" />
		<Extensions>
			<code_completion />
			<envvars />
			<debugger />
			<lib_finder disable_auto="1" />
		</Extensions>
	</Project>
</CodeBlocks_project_file>
